
Microsoft Visual Studio Solution File, Format Version 12.00
# Visual Studio Version 16
VisualStudioVersion = 16.0.33423.256
MinimumVisualStudioVersion = 10.0.40219.1
Project("{FAE04EC0-301F-11D3-BF4B-00C04F79EFBC}") = "Jacek Matulewski - maszyna turinga - Moja", "Jacek Matulewski - maszyna turinga - Moja\Jacek Matulewski - maszyna turinga - Moja.csproj", "{DCDD28BD-B139-4A7A-95B0-477E6E7226EA}"
EndProject
Global
	GlobalSection(SolutionConfigurationPlatforms) = preSolution
		Debug|Any CPU = Debug|Any CPU
		Release|Any CPU = Release|Any CPU
	EndGlobalSection
	GlobalSection(ProjectConfigurationPlatforms) = postSolution
		{DCDD28BD-B139-4A7A-95B0-477E6E7226EA}.Debug|Any CPU.ActiveCfg = Debug|Any CPU
		{DCDD28BD-B139-4A7A-95B0-477E6E7226EA}.Debug|Any CPU.Build.0 = Debug|Any CPU
		{DCDD28BD-B139-4A7A-95B0-477E6E7226EA}.Release|Any CPU.ActiveCfg = Release|Any CPU
		{DCDD28BD-B139-4A7A-95B0-477E6E7226EA}.Release|Any CPU.Build.0 = Release|Any CPU
	EndGlobalSection
	GlobalSection(SolutionProperties) = preSolution
		HideSolutionNode = FALSE
	EndGlobalSection
	GlobalSection(ExtensibilityGlobals) = postSolution
		SolutionGuid = {22A35329-8652-44A6-84A5-47BA0186D746}
	EndGlobalSection
EndGlobal
